// !$*UTF8*$!
{
	archiveVersion = 1;
	classes = {
	};
	objectVersion = 46;
	objects = {

/* Begin PBXBuildFile section */
		C392732918CDA5F2009B8629 /* CoreGraphics.framework in Frameworks */ = {isa = PBXBuildFile; fileRef = C392732818CDA5F2009B8629 /* CoreGraphics.framework */; };
		C392732B18CDA5FC009B8629 /* UIKit.framework in Frameworks */ = {isa = PBXBuildFile; fileRef = C392732A18CDA5FC009B8629 /* UIKit.framework */; };
		C3C0A92F18CD97E80027132D /* CoreFoundation.framework in Frameworks */ = {isa = PBXBuildFile; fileRef = C3C0A92E18CD97E80027132D /* CoreFoundation.framework */; };
		C3C0A93518CD97E80027132D /* InfoPlist.strings in Resources */ = {isa = PBXBuildFile; fileRef = C3C0A93318CD97E80027132D /* InfoPlist.strings */; };
		C3C0A93E18CD991C0027132D /* FWHotPatchEntry.m in Sources */ = {isa = PBXBuildFile; fileRef = C3C0A93D18CD991C0027132D /* FWHotPatchEntry.m */; };
		C3C0A94118CD9D1F0027132D /* NSObject+FWIvarAccess.m in Sources */ = {isa = PBXBuildFile; fileRef = C3C0A93F18CD9D1F0027132D /* NSObject+FWIvarAccess.m */; };
		C3D0480718CDB392004B3340 /* FWFixedStubObject.m in Sources */ = {isa = PBXBuildFile; fileRef = C3D0480618CDB392004B3340 /* FWFixedStubObject.m */; };
/* End PBXBuildFile section */

/* Begin PBXFileReference section */
		C355AB0318D2D6D20056E3A7 /* FWConst.h */ = {isa = PBXFileReference; fileEncoding = 4; lastKnownFileType = sourcecode.c.h; path = FWConst.h; sourceTree = "<group>"; };
		C392732618CDA5ED009B8629 /* QuartzCore.framework */ = {isa = PBXFileReference; lastKnownFileType = wrapper.framework; name = QuartzCore.framework; path = Platforms/iPhoneOS.platform/Developer/SDKs/iPhoneOS7.0.sdk/System/Library/Frameworks/QuartzCore.framework; sourceTree = DEVELOPER_DIR; };
		C392732818CDA5F2009B8629 /* CoreGraphics.framework */ = {isa = PBXFileReference; lastKnownFileType = wrapper.framework; name = CoreGraphics.framework; path = Platforms/iPhoneOS.platform/Developer/SDKs/iPhoneOS7.0.sdk/System/Library/Frameworks/CoreGraphics.framework; sourceTree = DEVELOPER_DIR; };
		C392732A18CDA5FC009B8629 /* UIKit.framework */ = {isa = PBXFileReference; lastKnownFileType = wrapper.framework; name = UIKit.framework; path = Platforms/iPhoneOS.platform/Developer/SDKs/iPhoneOS7.0.sdk/System/Library/Frameworks/UIKit.framework; sourceTree = DEVELOPER_DIR; };
		C3C0A92B18CD97E80027132D /* FWHotPatch.bundle */ = {isa = PBXFileReference; explicitFileType = wrapper.cfbundle; includeInIndex = 0; path = FWHotPatch.bundle; sourceTree = BUILT_PRODUCTS_DIR; };
		C3C0A92E18CD97E80027132D /* CoreFoundation.framework */ = {isa = PBXFileReference; lastKnownFileType = wrapper.framework; name = CoreFoundation.framework; path = System/Library/Frameworks/CoreFoundation.framework; sourceTree = SDKROOT; };
		C3C0A93218CD97E80027132D /* FWHotPatch-Info.plist */ = {isa = PBXFileReference; lastKnownFileType = text.plist.xml; path = "FWHotPatch-Info.plist"; sourceTree = "<group>"; };
		C3C0A93418CD97E80027132D /* en */ = {isa = PBXFileReference; lastKnownFileType = text.plist.strings; name = en; path = en.lproj/InfoPlist.strings; sourceTree = "<group>"; };
		C3C0A93618CD97E80027132D /* FWHotPatch-Prefix.pch */ = {isa = PBXFileReference; lastKnownFileType = sourcecode.c.h; path = "FWHotPatch-Prefix.pch"; sourceTree = "<group>"; };
		C3C0A93C18CD991C0027132D /* FWHotPatchEntry.h */ = {isa = PBXFileReference; fileEncoding = 4; lastKnownFileType = sourcecode.c.h; path = FWHotPatchEntry.h; sourceTree = "<group>"; };
		C3C0A93D18CD991C0027132D /* FWHotPatchEntry.m */ = {isa = PBXFileReference; fileEncoding = 4; lastKnownFileType = sourcecode.c.objc; path = FWHotPatchEntry.m; sourceTree = "<group>"; };
		C3C0A93F18CD9D1F0027132D /* NSObject+FWIvarAccess.m */ = {isa = PBXFileReference; fileEncoding = 4; lastKnownFileType = sourcecode.c.objc; path = "NSObject+FWIvarAccess.m"; sourceTree = "<group>"; };
		C3C0A94018CD9D1F0027132D /* NSObject+FWIvarAccess.h */ = {isa = PBXFileReference; fileEncoding = 4; lastKnownFileType = sourcecode.c.h; path = "NSObject+FWIvarAccess.h"; sourceTree = "<group>"; };
		C3D0480518CDB392004B3340 /* FWFixedStubObject.h */ = {isa = PBXFileReference; fileEncoding = 4; lastKnownFileType = sourcecode.c.h; path = FWFixedStubObject.h; sourceTree = "<group>"; };
		C3D0480618CDB392004B3340 /* FWFixedStubObject.m */ = {isa = PBXFileReference; fileEncoding = 4; lastKnownFileType = sourcecode.c.objc; path = FWFixedStubObject.m; sourceTree = "<group>"; };
/* End PBXFileReference section */

/* Begin PBXFrameworksBuildPhase section */
		C3C0A92818CD97E80027132D /* Frameworks */ = {
			isa = PBXFrameworksBuildPhase;
			buildActionMask = 2147483647;
			files = (
				C392732B18CDA5FC009B8629 /* UIKit.framework in Frameworks */,
				C392732918CDA5F2009B8629 /* CoreGraphics.framework in Frameworks */,
				C3C0A92F18CD97E80027132D /* CoreFoundation.framework in Frameworks */,
			);
			runOnlyForDeploymentPostprocessing = 0;
		};
/* End PBXFrameworksBuildPhase section */

/* Begin PBXGroup section */
		C3C0A92218CD97E80027132D = {
			isa = PBXGroup;
			children = (
				C3C0A93018CD97E80027132D /* FWHotPatch */,
				C3C0A92D18CD97E80027132D /* Frameworks */,
				C3C0A92C18CD97E80027132D /* Products */,
			);
			sourceTree = "<group>";
		};
		C3C0A92C18CD97E80027132D /* Products */ = {
			isa = PBXGroup;
			children = (
				C3C0A92B18CD97E80027132D /* FWHotPatch.bundle */,
			);
			name = Products;
			sourceTree = "<group>";
		};
		C3C0A92D18CD97E80027132D /* Frameworks */ = {
			isa = PBXGroup;
			children = (
				C392732A18CDA5FC009B8629 /* UIKit.framework */,
				C392732818CDA5F2009B8629 /* CoreGraphics.framework */,
				C392732618CDA5ED009B8629 /* QuartzCore.framework */,
				C3C0A92E18CD97E80027132D /* CoreFoundation.framework */,
			);
			name = Frameworks;
			sourceTree = "<group>";
		};
		C3C0A93018CD97E80027132D /* FWHotPatch */ = {
			isa = PBXGroup;
			children = (
				C355AB0318D2D6D20056E3A7 /* FWConst.h */,
				C3C0A94018CD9D1F0027132D /* NSObject+FWIvarAccess.h */,
				C3C0A93F18CD9D1F0027132D /* NSObject+FWIvarAccess.m */,
				C3C0A93C18CD991C0027132D /* FWHotPatchEntry.h */,
				C3C0A93D18CD991C0027132D /* FWHotPatchEntry.m */,
				C3D0480518CDB392004B3340 /* FWFixedStubObject.h */,
				C3D0480618CDB392004B3340 /* FWFixedStubObject.m */,
				C3C0A93118CD97E80027132D /* Supporting Files */,
			);
			path = FWHotPatch;
			sourceTree = "<group>";
		};
		C3C0A93118CD97E80027132D /* Supporting Files */ = {
			isa = PBXGroup;
			children = (
				C3C0A93218CD97E80027132D /* FWHotPatch-Info.plist */,
				C3C0A93318CD97E80027132D /* InfoPlist.strings */,
				C3C0A93618CD97E80027132D /* FWHotPatch-Prefix.pch */,
			);
			name = "Supporting Files";
			sourceTree = "<group>";
		};
/* End PBXGroup section */

/* Begin PBXNativeTarget section */
		C3C0A92A18CD97E80027132D /* FWHotPatch */ = {
			isa = PBXNativeTarget;
			buildConfigurationList = C3C0A93918CD97E80027132D /* Build configuration list for PBXNativeTarget "FWHotPatch" */;
			buildPhases = (
				C3C0A92718CD97E80027132D /* Sources */,
				C3C0A92818CD97E80027132D /* Frameworks */,
				C3C0A92918CD97E80027132D /* Resources */,
			);
			buildRules = (
			);
			dependencies = (
			);
			name = FWHotPatch;
			productName = FWHotPatch;
			productReference = C3C0A92B18CD97E80027132D /* FWHotPatch.bundle */;
			productType = "com.apple.product-type.bundle";
		};
/* End PBXNativeTarget section */

/* Begin PBXProject section */
		C3C0A92318CD97E80027132D /* Project object */ = {
			isa = PBXProject;
			attributes = {
				LastUpgradeCheck = 0500;
				ORGANIZATIONNAME = FW;
			};
			buildConfigurationList = C3C0A92618CD97E80027132D /* Build configuration list for PBXProject "FWHotPatch" */;
			compatibilityVersion = "Xcode 3.2";
			developmentRegion = English;
			hasScannedForEncodings = 0;
			knownRegions = (
				en,
			);
			mainGroup = C3C0A92218CD97E80027132D;
			productRefGroup = C3C0A92C18CD97E80027132D /* Products */;
			projectDirPath = "";
			projectRoot = "";
			targets = (
				C3C0A92A18CD97E80027132D /* FWHotPatch */,
			);
		};
/* End PBXProject section */

/* Begin PBXResourcesBuildPhase section */
		C3C0A92918CD97E80027132D /* Resources */ = {
			isa = PBXResourcesBuildPhase;
			buildActionMask = 2147483647;
			files = (
				C3C0A93518CD97E80027132D /* InfoPlist.strings in Resources */,
			);
			runOnlyForDeploymentPostprocessing = 0;
		};
/* End PBXResourcesBuildPhase section */

/* Begin PBXSourcesBuildPhase section */
		C3C0A92718CD97E80027132D /* Sources */ = {
			isa = PBXSourcesBuildPhase;
			buildActionMask = 2147483647;
			files = (
				C3D0480718CDB392004B3340 /* FWFixedStubObject.m in Sources */,
				C3C0A94118CD9D1F0027132D /* NSObject+FWIvarAccess.m in Sources */,
				C3C0A93E18CD991C0027132D /* FWHotPatchEntry.m in Sources */,
			);
			runOnlyForDeploymentPostprocessing = 0;
		};
/* End PBXSourcesBuildPhase section */

/* Begin PBXVariantGroup section */
		C3C0A93318CD97E80027132D /* InfoPlist.strings */ = {
			isa = PBXVariantGroup;
			children = (
				C3C0A93418CD97E80027132D /* en */,
			);
			name = InfoPlist.strings;
			sourceTree = "<group>";
		};
/* End PBXVariantGroup section */

/* Begin XCBuildConfiguration section */
		C3C0A93718CD97E80027132D /* Debug */ = {
			isa = XCBuildConfiguration;
			buildSettings = {
				ALWAYS_SEARCH_USER_PATHS = NO;
				CLANG_CXX_LANGUAGE_STANDARD = "gnu++0x";
				CLANG_CXX_LIBRARY = "libc++";
				CLANG_ENABLE_OBJC_ARC = YES;
				CLANG_WARN_BOOL_CONVERSION = YES;
				CLANG_WARN_CONSTANT_CONVERSION = YES;
				CLANG_WARN_DIRECT_OBJC_ISA_USAGE = YES_ERROR;
				CLANG_WARN_EMPTY_BODY = YES;
				CLANG_WARN_ENUM_CONVERSION = YES;
				CLANG_WARN_INT_CONVERSION = YES;
				CLANG_WARN_OBJC_ROOT_CLASS = YES_ERROR;
				CLANG_WARN__DUPLICATE_METHOD_MATCH = YES;
				COPY_PHASE_STRIP = NO;
				GCC_C_LANGUAGE_STANDARD = gnu99;
				GCC_DYNAMIC_NO_PIC = NO;
				GCC_ENABLE_OBJC_EXCEPTIONS = YES;
				GCC_OPTIMIZATION_LEVEL = 0;
				GCC_PREPROCESSOR_DEFINITIONS = (
					"DEBUG=1",
					"$(inherited)",
				);
				GCC_SYMBOLS_PRIVATE_EXTERN = NO;
				GCC_WARN_64_TO_32_BIT_CONVERSION = YES;
				GCC_WARN_ABOUT_RETURN_TYPE = YES_ERROR;
				GCC_WARN_UNDECLARED_SELECTOR = YES;
				GCC_WARN_UNINITIALIZED_AUTOS = YES;
				GCC_WARN_UNUSED_FUNCTION = YES;
				GCC_WARN_UNUSED_VARIABLE = YES;
				MACOSX_DEPLOYMENT_TARGET = 10.9;
				ONLY_ACTIVE_ARCH = YES;
				SDKROOT = macosx;
			};
			name = Debug;
		};
		C3C0A93818CD97E80027132D /* Release */ = {
			isa = XCBuildConfiguration;
			buildSettings = {
				ALWAYS_SEARCH_USER_PATHS = NO;
				CLANG_CXX_LANGUAGE_STANDARD = "gnu++0x";
				CLANG_CXX_LIBRARY = "libc++";
				CLANG_ENABLE_OBJC_ARC = YES;
				CLANG_WARN_BOOL_CONVERSION = YES;
				CLANG_WARN_CONSTANT_CONVERSION = YES;
				CLANG_WARN_DIRECT_OBJC_ISA_USAGE = YES_ERROR;
				CLANG_WARN_EMPTY_BODY = YES;
				CLANG_WARN_ENUM_CONVERSION = YES;
				CLANG_WARN_INT_CONVERSION = YES;
				CLANG_WARN_OBJC_ROOT_CLASS = YES_ERROR;
				CLANG_WARN__DUPLICATE_METHOD_MATCH = YES;
				COPY_PHASE_STRIP = YES;
				DEBUG_INFORMATION_FORMAT = "dwarf-with-dsym";
				ENABLE_NS_ASSERTIONS = NO;
				GCC_C_LANGUAGE_STANDARD = gnu99;
				GCC_ENABLE_OBJC_EXCEPTIONS = YES;
				GCC_WARN_64_TO_32_BIT_CONVERSION = YES;
				GCC_WARN_ABOUT_RETURN_TYPE = YES_ERROR;
				GCC_WARN_UNDECLARED_SELECTOR = YES;
				GCC_WARN_UNINITIALIZED_AUTOS = YES;
				GCC_WARN_UNUSED_FUNCTION = YES;
				GCC_WARN_UNUSED_VARIABLE = YES;
				MACOSX_DEPLOYMENT_TARGET = 10.9;
				SDKROOT = macosx;
			};
			name = Release;
		};
		C3C0A93A18CD97E80027132D /* Debug */ = {
			isa = XCBuildConfiguration;
			buildSettings = {
				COMBINE_HIDPI_IMAGES = YES;
				GCC_PRECOMPILE_PREFIX_HEADER = YES;
				GCC_PREFIX_HEADER = "FWHotPatch/FWHotPatch-Prefix.pch";
				INFOPLIST_FILE = "FWHotPatch/FWHotPatch-Info.plist";
				INSTALL_PATH = "$(LOCAL_LIBRARY_DIR)/Bundles";
				PRODUCT_NAME = "$(TARGET_NAME)";
				SDKROOT = iphoneos;
				WRAPPER_EXTENSION = bundle;
			};
			name = Debug;
		};
		C3C0A93B18CD97E80027132D /* Release */ = {
			isa = XCBuildConfiguration;
			buildSettings = {
				COMBINE_HIDPI_IMAGES = YES;
				GCC_PRECOMPILE_PREFIX_HEADER = YES;
				GCC_PREFIX_HEADER = "FWHotPatch/FWHotPatch-Prefix.pch";
				INFOPLIST_FILE = "FWHotPatch/FWHotPatch-Info.plist";
				INSTALL_PATH = "$(LOCAL_LIBRARY_DIR)/Bundles";
				PRODUCT_NAME = "$(TARGET_NAME)";
				SDKROOT = iphoneos;
				WRAPPER_EXTENSION = bundle;
			};
			name = Release;
		};
/* End XCBuildConfiguration section */

/* Begin XCConfigurationList section */
		C3C0A92618CD97E80027132D /* Build configuration list for PBXProject "FWHotPatch" */ = {
			isa = XCConfigurationList;
			buildConfigurations = (
				C3C0A93718CD97E80027132D /* Debug */,
				C3C0A93818CD97E80027132D /* Release */,
			);
			defaultConfigurationIsVisible = 0;
			defaultConfigurationName = Release;
		};
		C3C0A93918CD97E80027132D /* Build configuration list for PBXNativeTarget "FWHotPatch" */ = {
			isa = XCConfigurationList;
			buildConfigurations = (
				C3C0A93A18CD97E80027132D /* Debug */,
				C3C0A93B18CD97E80027132D /* Release */,
			);
			defaultConfigurationIsVisible = 0;
			defaultConfigurationName = Release;
		};
/* End XCConfigurationList section */
	};
	rootObject = C3C0A92318CD97E80027132D /* Project object */;
}
